
Microsoft Visual Studio Solution File, Format Version 12.00
# Visual Studio Version 17
VisualStudioVersion = 17.9.34723.18
MinimumVisualStudioVersion = 10.0.40219.1
Project("{FAE04EC0-301F-11D3-BF4B-00C04F79EFBC}") = "LaptopDiscount", "LaptopDiscount\LaptopDiscount.csproj", "{41A179E2-D870-401A-A58F-FC1657750456}"
EndProject
Project("{FAE04EC0-301F-11D3-BF4B-00C04F79EFBC}") = "NUnitTesting", "NUnitTesting\NUnitTesting.csproj", "{BFED9819-8540-4AA3-AC8E-8312BF6C1E70}"
EndProject
Global
	GlobalSection(SolutionConfigurationPlatforms) = preSolution
		Debug|Any CPU = Debug|Any CPU
		Release|Any CPU = Release|Any CPU
	EndGlobalSection
	GlobalSection(ProjectConfigurationPlatforms) = postSolution
		{41A179E2-D870-401A-A58F-FC1657750456}.Debug|Any CPU.ActiveCfg = Debug|Any CPU
		{41A179E2-D870-401A-A58F-FC1657750456}.Debug|Any CPU.Build.0 = Debug|Any CPU
		{41A179E2-D870-401A-A58F-FC1657750456}.Release|Any CPU.ActiveCfg = Release|Any CPU
		{41A179E2-D870-401A-A58F-FC1657750456}.Release|Any CPU.Build.0 = Release|Any CPU
		{BFED9819-8540-4AA3-AC8E-8312BF6C1E70}.Debug|Any CPU.ActiveCfg = Debug|Any CPU
		{BFED9819-8540-4AA3-AC8E-8312BF6C1E70}.Debug|Any CPU.Build.0 = Debug|Any CPU
		{BFED9819-8540-4AA3-AC8E-8312BF6C1E70}.Release|Any CPU.ActiveCfg = Release|Any CPU
		{BFED9819-8540-4AA3-AC8E-8312BF6C1E70}.Release|Any CPU.Build.0 = Release|Any CPU
	EndGlobalSection
	GlobalSection(SolutionProperties) = preSolution
		HideSolutionNode = FALSE
	EndGlobalSection
	GlobalSection(ExtensibilityGlobals) = postSolution
		SolutionGuid = {853F7658-9F8A-458C-A01C-DDB7D40C7855}
	EndGlobalSection
EndGlobal
